// !$*UTF8*$!
{
	archiveVersion = 1;
	classes = {
	};
	objectVersion = 56;
	objects = {

/* Begin PBXBuildFile section */
		BD77888B29BA55E30069C001 /* GridProvider.swift in Sources */ = {isa = PBXBuildFile; fileRef = BD77888A29BA55E30069C001 /* GridProvider.swift */; };
		BD99996029BCE767002C5EDA /* Renderer.swift in Sources */ = {isa = PBXBuildFile; fileRef = BD99995F29BCE767002C5EDA /* Renderer.swift */; };
		BD99996229BCEC2A002C5EDA /* MetalView.swift in Sources */ = {isa = PBXBuildFile; fileRef = BD99996129BCEC2A002C5EDA /* MetalView.swift */; };
		BD99996529BCF40A002C5EDA /* Shaders.metal in Sources */ = {isa = PBXBuildFile; fileRef = BD99996429BCF40A002C5EDA /* Shaders.metal */; };
		BD99996A29BD3EE4002C5EDA /* BluetoothManager.swift in Sources */ = {isa = PBXBuildFile; fileRef = BD99996929BD3EE4002C5EDA /* BluetoothManager.swift */; };
		BD99996C29BE7A23002C5EDA /* WifiDataProvider.swift in Sources */ = {isa = PBXBuildFile; fileRef = BD99996B29BE7A23002C5EDA /* WifiDataProvider.swift */; };
		BD99996E29BE7D89002C5EDA /* NetworkClient.swift in Sources */ = {isa = PBXBuildFile; fileRef = BD99996D29BE7D89002C5EDA /* NetworkClient.swift */; };
		BD99997129BF3CE5002C5EDA /* WifiModels.swift in Sources */ = {isa = PBXBuildFile; fileRef = BD99997029BF3CE5002C5EDA /* WifiModels.swift */; };
		BD99997329BF3D0E002C5EDA /* VisualModels.swift in Sources */ = {isa = PBXBuildFile; fileRef = BD99997229BF3D0E002C5EDA /* VisualModels.swift */; };
		BD99997529BF5E77002C5EDA /* WifiListView.swift in Sources */ = {isa = PBXBuildFile; fileRef = BD99997429BF5E77002C5EDA /* WifiListView.swift */; };
		BD9CD12E29CCFAD90036BE05 /* MetalViewController.swift in Sources */ = {isa = PBXBuildFile; fileRef = BD9CD12D29CCFAD90036BE05 /* MetalViewController.swift */; };
		BDB40A8329CA93D8003A21EE /* WifiViewController.swift in Sources */ = {isa = PBXBuildFile; fileRef = BDB40A8229CA93D8003A21EE /* WifiViewController.swift */; };
		BDC398F929C34D6500FE44DD /* SimdUtils.swift in Sources */ = {isa = PBXBuildFile; fileRef = BDC398F829C34D6500FE44DD /* SimdUtils.swift */; };
		BDC398FB29C3E43F00FE44DD /* LiveFeedView.swift in Sources */ = {isa = PBXBuildFile; fileRef = BDC398FA29C3E43F00FE44DD /* LiveFeedView.swift */; };
		BDE9F17629D64D7F00B7287D /* ExtensionUIColor.swift in Sources */ = {isa = PBXBuildFile; fileRef = BDE9F17529D64D7F00B7287D /* ExtensionUIColor.swift */; };
		BDE9F17829D6518A00B7287D /* GridRenderer.swift in Sources */ = {isa = PBXBuildFile; fileRef = BDE9F17729D6518A00B7287D /* GridRenderer.swift */; };
		BDE9F17A29D651B000B7287D /* PointRenderer.swift in Sources */ = {isa = PBXBuildFile; fileRef = BDE9F17929D651B000B7287D /* PointRenderer.swift */; };
		BDF4974E298C3D7F006CF8B3 /* WiFi_Robot_ControllerApp.swift in Sources */ = {isa = PBXBuildFile; fileRef = BDF4974D298C3D7F006CF8B3 /* WiFi_Robot_ControllerApp.swift */; };
		BDF49750298C3D7F006CF8B3 /* ContentView.swift in Sources */ = {isa = PBXBuildFile; fileRef = BDF4974F298C3D7F006CF8B3 /* ContentView.swift */; };
		BDF49752298C3D81006CF8B3 /* Assets.xcassets in Resources */ = {isa = PBXBuildFile; fileRef = BDF49751298C3D81006CF8B3 /* Assets.xcassets */; };
		BDF49755298C3D81006CF8B3 /* Preview Assets.xcassets in Resources */ = {isa = PBXBuildFile; fileRef = BDF49754298C3D81006CF8B3 /* Preview Assets.xcassets */; };
		BDF4975F298C3D81006CF8B3 /* WiFi_Robot_ControllerTests.swift in Sources */ = {isa = PBXBuildFile; fileRef = BDF4975E298C3D81006CF8B3 /* WiFi_Robot_ControllerTests.swift */; };
		BDF49769298C3D81006CF8B3 /* WiFi_Robot_ControllerUITests.swift in Sources */ = {isa = PBXBuildFile; fileRef = BDF49768298C3D81006CF8B3 /* WiFi_Robot_ControllerUITests.swift */; };
		BDF4976B298C3D81006CF8B3 /* WiFi_Robot_ControllerUITestsLaunchTests.swift in Sources */ = {isa = PBXBuildFile; fileRef = BDF4976A298C3D81006CF8B3 /* WiFi_Robot_ControllerUITestsLaunchTests.swift */; };
/* End PBXBuildFile section */

/* Begin PBXContainerItemProxy section */
		BDF4975B298C3D81006CF8B3 /* PBXContainerItemProxy */ = {
			isa = PBXContainerItemProxy;
			containerPortal = BDF49742298C3D7F006CF8B3 /* Project object */;
			proxyType = 1;
			remoteGlobalIDString = BDF49749298C3D7F006CF8B3;
			remoteInfo = "WiFi Robot Controller";
		};
		BDF49765298C3D81006CF8B3 /* PBXContainerItemProxy */ = {
			isa = PBXContainerItemProxy;
			containerPortal = BDF49742298C3D7F006CF8B3 /* Project object */;
			proxyType = 1;
			remoteGlobalIDString = BDF49749298C3D7F006CF8B3;
			remoteInfo = "WiFi Robot Controller";
		};
/* End PBXContainerItemProxy section */

/* Begin PBXFileReference section */
		BD77888A29BA55E30069C001 /* GridProvider.swift */ = {isa = PBXFileReference; lastKnownFileType = sourcecode.swift; path = GridProvider.swift; sourceTree = "<group>"; };
		BD99995F29BCE767002C5EDA /* Renderer.swift */ = {isa = PBXFileReference; lastKnownFileType = sourcecode.swift; path = Renderer.swift; sourceTree = "<group>"; };
		BD99996129BCEC2A002C5EDA /* MetalView.swift */ = {isa = PBXFileReference; lastKnownFileType = sourcecode.swift; path = MetalView.swift; sourceTree = "<group>"; };
		BD99996329BCF3E3002C5EDA /* definitions.h */ = {isa = PBXFileReference; lastKnownFileType = sourcecode.c.h; path = definitions.h; sourceTree = "<group>"; };
		BD99996429BCF40A002C5EDA /* Shaders.metal */ = {isa = PBXFileReference; lastKnownFileType = sourcecode.metal; path = Shaders.metal; sourceTree = "<group>"; };
		BD99996929BD3EE4002C5EDA /* BluetoothManager.swift */ = {isa = PBXFileReference; lastKnownFileType = sourcecode.swift; path = BluetoothManager.swift; sourceTree = "<group>"; };
		BD99996B29BE7A23002C5EDA /* WifiDataProvider.swift */ = {isa = PBXFileReference; lastKnownFileType = sourcecode.swift; path = WifiDataProvider.swift; sourceTree = "<group>"; };
		BD99996D29BE7D89002C5EDA /* NetworkClient.swift */ = {isa = PBXFileReference; lastKnownFileType = sourcecode.swift; path = NetworkClient.swift; sourceTree = "<group>"; };
		BD99997029BF3CE5002C5EDA /* WifiModels.swift */ = {isa = PBXFileReference; lastKnownFileType = sourcecode.swift; path = WifiModels.swift; sourceTree = "<group>"; };
		BD99997229BF3D0E002C5EDA /* VisualModels.swift */ = {isa = PBXFileReference; lastKnownFileType = sourcecode.swift; path = VisualModels.swift; sourceTree = "<group>"; };
		BD99997429BF5E77002C5EDA /* WifiListView.swift */ = {isa = PBXFileReference; lastKnownFileType = sourcecode.swift; path = WifiListView.swift; sourceTree = "<group>"; };
		BD9CD12D29CCFAD90036BE05 /* MetalViewController.swift */ = {isa = PBXFileReference; lastKnownFileType = sourcecode.swift; path = MetalViewController.swift; sourceTree = "<group>"; };
		BDB40A8229CA93D8003A21EE /* WifiViewController.swift */ = {isa = PBXFileReference; lastKnownFileType = sourcecode.swift; path = WifiViewController.swift; sourceTree = "<group>"; };
		BDC398F829C34D6500FE44DD /* SimdUtils.swift */ = {isa = PBXFileReference; lastKnownFileType = sourcecode.swift; path = SimdUtils.swift; sourceTree = "<group>"; };
		BDC398FA29C3E43F00FE44DD /* LiveFeedView.swift */ = {isa = PBXFileReference; lastKnownFileType = sourcecode.swift; path = LiveFeedView.swift; sourceTree = "<group>"; };
		BDE9F17529D64D7F00B7287D /* ExtensionUIColor.swift */ = {isa = PBXFileReference; lastKnownFileType = sourcecode.swift; path = ExtensionUIColor.swift; sourceTree = "<group>"; };
		BDE9F17729D6518A00B7287D /* GridRenderer.swift */ = {isa = PBXFileReference; lastKnownFileType = sourcecode.swift; path = GridRenderer.swift; sourceTree = "<group>"; };
		BDE9F17929D651B000B7287D /* PointRenderer.swift */ = {isa = PBXFileReference; lastKnownFileType = sourcecode.swift; path = PointRenderer.swift; sourceTree = "<group>"; };
		BDF4974A298C3D7F006CF8B3 /* WiFi Robot Controller.app */ = {isa = PBXFileReference; explicitFileType = wrapper.application; includeInIndex = 0; path = "WiFi Robot Controller.app"; sourceTree = BUILT_PRODUCTS_DIR; };
		BDF4974D298C3D7F006CF8B3 /* WiFi_Robot_ControllerApp.swift */ = {isa = PBXFileReference; lastKnownFileType = sourcecode.swift; path = WiFi_Robot_ControllerApp.swift; sourceTree = "<group>"; };
		BDF4974F298C3D7F006CF8B3 /* ContentView.swift */ = {isa = PBXFileReference; lastKnownFileType = sourcecode.swift; path = ContentView.swift; sourceTree = "<group>"; };
		BDF49751298C3D81006CF8B3 /* Assets.xcassets */ = {isa = PBXFileReference; lastKnownFileType = folder.assetcatalog; path = Assets.xcassets; sourceTree = "<group>"; };
		BDF49754298C3D81006CF8B3 /* Preview Assets.xcassets */ = {isa = PBXFileReference; lastKnownFileType = folder.assetcatalog; path = "Preview Assets.xcassets"; sourceTree = "<group>"; };
		BDF4975A298C3D81006CF8B3 /* WiFi Robot ControllerTests.xctest */ = {isa = PBXFileReference; explicitFileType = wrapper.cfbundle; includeInIndex = 0; path = "WiFi Robot ControllerTests.xctest"; sourceTree = BUILT_PRODUCTS_DIR; };
		BDF4975E298C3D81006CF8B3 /* WiFi_Robot_ControllerTests.swift */ = {isa = PBXFileReference; lastKnownFileType = sourcecode.swift; path = WiFi_Robot_ControllerTests.swift; sourceTree = "<group>"; };
		BDF49764298C3D81006CF8B3 /* WiFi Robot ControllerUITests.xctest */ = {isa = PBXFileReference; explicitFileType = wrapper.cfbundle; includeInIndex = 0; path = "WiFi Robot ControllerUITests.xctest"; sourceTree = BUILT_PRODUCTS_DIR; };
		BDF49768298C3D81006CF8B3 /* WiFi_Robot_ControllerUITests.swift */ = {isa = PBXFileReference; lastKnownFileType = sourcecode.swift; path = WiFi_Robot_ControllerUITests.swift; sourceTree = "<group>"; };
		BDF4976A298C3D81006CF8B3 /* WiFi_Robot_ControllerUITestsLaunchTests.swift */ = {isa = PBXFileReference; lastKnownFileType = sourcecode.swift; path = WiFi_Robot_ControllerUITestsLaunchTests.swift; sourceTree = "<group>"; };
/* End PBXFileReference section */

/* Begin PBXFrameworksBuildPhase section */
		BDF49747298C3D7F006CF8B3 /* Frameworks */ = {
			isa = PBXFrameworksBuildPhase;
			buildActionMask = 2147483647;
			files = (
			);
			runOnlyForDeploymentPostprocessing = 0;
		};
		BDF49757298C3D81006CF8B3 /* Frameworks */ = {
			isa = PBXFrameworksBuildPhase;
			buildActionMask = 2147483647;
			files = (
			);
			runOnlyForDeploymentPostprocessing = 0;
		};
		BDF49761298C3D81006CF8B3 /* Frameworks */ = {
			isa = PBXFrameworksBuildPhase;
			buildActionMask = 2147483647;
			files = (
			);
			runOnlyForDeploymentPostprocessing = 0;
		};
/* End PBXFrameworksBuildPhase section */

/* Begin PBXGroup section */
		BD99996629BD3E44002C5EDA /* Renderer */ = {
			isa = PBXGroup;
			children = (
				BD99996429BCF40A002C5EDA /* Shaders.metal */,
				BD99996329BCF3E3002C5EDA /* definitions.h */,
				BD99995F29BCE767002C5EDA /* Renderer.swift */,
				BDE9F17729D6518A00B7287D /* GridRenderer.swift */,
				BDE9F17929D651B000B7287D /* PointRenderer.swift */,
			);
			path = Renderer;
			sourceTree = "<group>";
		};
		BD99996729BD3E9D002C5EDA /* Views */ = {
			isa = PBXGroup;
			children = (
				BDF4974F298C3D7F006CF8B3 /* ContentView.swift */,
				BD99996129BCEC2A002C5EDA /* MetalView.swift */,
				BD99997429BF5E77002C5EDA /* WifiListView.swift */,
				BDC398FA29C3E43F00FE44DD /* LiveFeedView.swift */,
			);
			path = Views;
			sourceTree = "<group>";
		};
		BD99996829BD3EA5002C5EDA /* Network */ = {
			isa = PBXGroup;
			children = (
				BD77888A29BA55E30069C001 /* GridProvider.swift */,
				BD99996929BD3EE4002C5EDA /* BluetoothManager.swift */,
				BD99996B29BE7A23002C5EDA /* WifiDataProvider.swift */,
				BD99996D29BE7D89002C5EDA /* NetworkClient.swift */,
			);
			path = Network;
			sourceTree = "<group>";
		};
		BD99996F29BF3CD5002C5EDA /* Models */ = {
			isa = PBXGroup;
			children = (
				BD99997029BF3CE5002C5EDA /* WifiModels.swift */,
				BD99997229BF3D0E002C5EDA /* VisualModels.swift */,
			);
			path = Models;
			sourceTree = "<group>";
		};
		BDB40A8129CA937E003A21EE /* Controllers */ = {
			isa = PBXGroup;
			children = (
				BDB40A8229CA93D8003A21EE /* WifiViewController.swift */,
				BD9CD12D29CCFAD90036BE05 /* MetalViewController.swift */,
			);
			path = Controllers;
			sourceTree = "<group>";
		};
		BDC398F729C34D5500FE44DD /* Utils */ = {
			isa = PBXGroup;
			children = (
				BDC398F829C34D6500FE44DD /* SimdUtils.swift */,
				BDE9F17529D64D7F00B7287D /* ExtensionUIColor.swift */,
			);
			path = Utils;
			sourceTree = "<group>";
		};
		BDF49741298C3D7F006CF8B3 = {
			isa = PBXGroup;
			children = (
				BDF4974C298C3D7F006CF8B3 /* WiFi Robot Controller */,
				BDF4975D298C3D81006CF8B3 /* WiFi Robot ControllerTests */,
				BDF49767298C3D81006CF8B3 /* WiFi Robot ControllerUITests */,
				BDF4974B298C3D7F006CF8B3 /* Products */,
			);
			sourceTree = "<group>";
		};
		BDF4974B298C3D7F006CF8B3 /* Products */ = {
			isa = PBXGroup;
			children = (
				BDF4974A298C3D7F006CF8B3 /* WiFi Robot Controller.app */,
				BDF4975A298C3D81006CF8B3 /* WiFi Robot ControllerTests.xctest */,
				BDF49764298C3D81006CF8B3 /* WiFi Robot ControllerUITests.xctest */,
			);
			name = Products;
			sourceTree = "<group>";
		};
		BDF4974C298C3D7F006CF8B3 /* WiFi Robot Controller */ = {
			isa = PBXGroup;
			children = (
				BDB40A8129CA937E003A21EE /* Controllers */,
				BDC398F729C34D5500FE44DD /* Utils */,
				BD99996F29BF3CD5002C5EDA /* Models */,
				BD99996829BD3EA5002C5EDA /* Network */,
				BD99996729BD3E9D002C5EDA /* Views */,
				BD99996629BD3E44002C5EDA /* Renderer */,
				BDF4974D298C3D7F006CF8B3 /* WiFi_Robot_ControllerApp.swift */,
				BDF49751298C3D81006CF8B3 /* Assets.xcassets */,
				BDF49753298C3D81006CF8B3 /* Preview Content */,
			);
			path = "WiFi Robot Controller";
			sourceTree = "<group>";
		};
		BDF49753298C3D81006CF8B3 /* Preview Content */ = {
			isa = PBXGroup;
			children = (
				BDF49754298C3D81006CF8B3 /* Preview Assets.xcassets */,
			);
			path = "Preview Content";
			sourceTree = "<group>";
		};
		BDF4975D298C3D81006CF8B3 /* WiFi Robot ControllerTests */ = {
			isa = PBXGroup;
			children = (
				BDF4975E298C3D81006CF8B3 /* WiFi_Robot_ControllerTests.swift */,
			);
			path = "WiFi Robot ControllerTests";
			sourceTree = "<group>";
		};
		BDF49767298C3D81006CF8B3 /* WiFi Robot ControllerUITests */ = {
			isa = PBXGroup;
			children = (
				BDF49768298C3D81006CF8B3 /* WiFi_Robot_ControllerUITests.swift */,
				BDF4976A298C3D81006CF8B3 /* WiFi_Robot_ControllerUITestsLaunchTests.swift */,
			);
			path = "WiFi Robot ControllerUITests";
			sourceTree = "<group>";
		};
/* End PBXGroup section */

/* Begin PBXNativeTarget section */
		BDF49749298C3D7F006CF8B3 /* WiFi Robot Controller */ = {
			isa = PBXNativeTarget;
			buildConfigurationList = BDF4976E298C3D81006CF8B3 /* Build configuration list for PBXNativeTarget "WiFi Robot Controller" */;
			buildPhases = (
				BDF49746298C3D7F006CF8B3 /* Sources */,
				BDF49747298C3D7F006CF8B3 /* Frameworks */,
				BDF49748298C3D7F006CF8B3 /* Resources */,
			);
			buildRules = (
			);
			dependencies = (
			);
			name = "WiFi Robot Controller";
			productName = "WiFi Robot Controller";
			productReference = BDF4974A298C3D7F006CF8B3 /* WiFi Robot Controller.app */;
			productType = "com.apple.product-type.application";
		};
		BDF49759298C3D81006CF8B3 /* WiFi Robot ControllerTests */ = {
			isa = PBXNativeTarget;
			buildConfigurationList = BDF49771298C3D81006CF8B3 /* Build configuration list for PBXNativeTarget "WiFi Robot ControllerTests" */;
			buildPhases = (
				BDF49756298C3D81006CF8B3 /* Sources */,
				BDF49757298C3D81006CF8B3 /* Frameworks */,
				BDF49758298C3D81006CF8B3 /* Resources */,
			);
			buildRules = (
			);
			dependencies = (
				BDF4975C298C3D81006CF8B3 /* PBXTargetDependency */,
			);
			name = "WiFi Robot ControllerTests";
			productName = "WiFi Robot ControllerTests";
			productReference = BDF4975A298C3D81006CF8B3 /* WiFi Robot ControllerTests.xctest */;
			productType = "com.apple.product-type.bundle.unit-test";
		};
		BDF49763298C3D81006CF8B3 /* WiFi Robot ControllerUITests */ = {
			isa = PBXNativeTarget;
			buildConfigurationList = BDF49774298C3D81006CF8B3 /* Build configuration list for PBXNativeTarget "WiFi Robot ControllerUITests" */;
			buildPhases = (
				BDF49760298C3D81006CF8B3 /* Sources */,
				BDF49761298C3D81006CF8B3 /* Frameworks */,
				BDF49762298C3D81006CF8B3 /* Resources */,
			);
			buildRules = (
			);
			dependencies = (
				BDF49766298C3D81006CF8B3 /* PBXTargetDependency */,
			);
			name = "WiFi Robot ControllerUITests";
			productName = "WiFi Robot ControllerUITests";
			productReference = BDF49764298C3D81006CF8B3 /* WiFi Robot ControllerUITests.xctest */;
			productType = "com.apple.product-type.bundle.ui-testing";
		};
/* End PBXNativeTarget section */

/* Begin PBXProject section */
		BDF49742298C3D7F006CF8B3 /* Project object */ = {
			isa = PBXProject;
			attributes = {
				BuildIndependentTargetsInParallel = 1;
				LastSwiftUpdateCheck = 1420;
				LastUpgradeCheck = 1420;
				TargetAttributes = {
					BDF49749298C3D7F006CF8B3 = {
						CreatedOnToolsVersion = 14.2;
					};
					BDF49759298C3D81006CF8B3 = {
						CreatedOnToolsVersion = 14.2;
						TestTargetID = BDF49749298C3D7F006CF8B3;
					};
					BDF49763298C3D81006CF8B3 = {
						CreatedOnToolsVersion = 14.2;
						TestTargetID = BDF49749298C3D7F006CF8B3;
					};
				};
			};
			buildConfigurationList = BDF49745298C3D7F006CF8B3 /* Build configuration list for PBXProject "WiFi Robot Controller" */;
			compatibilityVersion = "Xcode 14.0";
			developmentRegion = en;
			hasScannedForEncodings = 0;
			knownRegions = (
				en,
				Base,
			);
			mainGroup = BDF49741298C3D7F006CF8B3;
			productRefGroup = BDF4974B298C3D7F006CF8B3 /* Products */;
			projectDirPath = "";
			projectRoot = "";
			targets = (
				BDF49749298C3D7F006CF8B3 /* WiFi Robot Controller */,
				BDF49759298C3D81006CF8B3 /* WiFi Robot ControllerTests */,
				BDF49763298C3D81006CF8B3 /* WiFi Robot ControllerUITests */,
			);
		};
/* End PBXProject section */

/* Begin PBXResourcesBuildPhase section */
		BDF49748298C3D7F006CF8B3 /* Resources */ = {
			isa = PBXResourcesBuildPhase;
			buildActionMask = 2147483647;
			files = (
				BDF49755298C3D81006CF8B3 /* Preview Assets.xcassets in Resources */,
				BDF49752298C3D81006CF8B3 /* Assets.xcassets in Resources */,
			);
			runOnlyForDeploymentPostprocessing = 0;
		};
		BDF49758298C3D81006CF8B3 /* Resources */ = {
			isa = PBXResourcesBuildPhase;
			buildActionMask = 2147483647;
			files = (
			);
			runOnlyForDeploymentPostprocessing = 0;
		};
		BDF49762298C3D81006CF8B3 /* Resources */ = {
			isa = PBXResourcesBuildPhase;
			buildActionMask = 2147483647;
			files = (
			);
			runOnlyForDeploymentPostprocessing = 0;
		};
/* End PBXResourcesBuildPhase section */

/* Begin PBXSourcesBuildPhase section */
		BDF49746298C3D7F006CF8B3 /* Sources */ = {
			isa = PBXSourcesBuildPhase;
			buildActionMask = 2147483647;
			files = (
				BD99996529BCF40A002C5EDA /* Shaders.metal in Sources */,
				BD99996C29BE7A23002C5EDA /* WifiDataProvider.swift in Sources */,
				BDC398F929C34D6500FE44DD /* SimdUtils.swift in Sources */,
				BD99996029BCE767002C5EDA /* Renderer.swift in Sources */,
				BDB40A8329CA93D8003A21EE /* WifiViewController.swift in Sources */,
				BDC398FB29C3E43F00FE44DD /* LiveFeedView.swift in Sources */,
				BDE9F17629D64D7F00B7287D /* ExtensionUIColor.swift in Sources */,
				BD9CD12E29CCFAD90036BE05 /* MetalViewController.swift in Sources */,
				BDF49750298C3D7F006CF8B3 /* ContentView.swift in Sources */,
				BD99996A29BD3EE4002C5EDA /* BluetoothManager.swift in Sources */,
				BDE9F17829D6518A00B7287D /* GridRenderer.swift in Sources */,
				BD99996229BCEC2A002C5EDA /* MetalView.swift in Sources */,
				BD99997129BF3CE5002C5EDA /* WifiModels.swift in Sources */,
				BDE9F17A29D651B000B7287D /* PointRenderer.swift in Sources */,
				BD99997329BF3D0E002C5EDA /* VisualModels.swift in Sources */,
				BD77888B29BA55E30069C001 /* GridProvider.swift in Sources */,
				BDF4974E298C3D7F006CF8B3 /* WiFi_Robot_ControllerApp.swift in Sources */,
				BD99996E29BE7D89002C5EDA /* NetworkClient.swift in Sources */,
				BD99997529BF5E77002C5EDA /* WifiListView.swift in Sources */,
			);
			runOnlyForDeploymentPostprocessing = 0;
		};
		BDF49756298C3D81006CF8B3 /* Sources */ = {
			isa = PBXSourcesBuildPhase;
			buildActionMask = 2147483647;
			files = (
				BDF4975F298C3D81006CF8B3 /* WiFi_Robot_ControllerTests.swift in Sources */,
			);
			runOnlyForDeploymentPostprocessing = 0;
		};
		BDF49760298C3D81006CF8B3 /* Sources */ = {
			isa = PBXSourcesBuildPhase;
			buildActionMask = 2147483647;
			files = (
				BDF4976B298C3D81006CF8B3 /* WiFi_Robot_ControllerUITestsLaunchTests.swift in Sources */,
				BDF49769298C3D81006CF8B3 /* WiFi_Robot_ControllerUITests.swift in Sources */,
			);
			runOnlyForDeploymentPostprocessing = 0;
		};
/* End PBXSourcesBuildPhase section */

/* Begin PBXTargetDependency section */
		BDF4975C298C3D81006CF8B3 /* PBXTargetDependency */ = {
			isa = PBXTargetDependency;
			target = BDF49749298C3D7F006CF8B3 /* WiFi Robot Controller */;
			targetProxy = BDF4975B298C3D81006CF8B3 /* PBXContainerItemProxy */;
		};
		BDF49766298C3D81006CF8B3 /* PBXTargetDependency */ = {
			isa = PBXTargetDependency;
			target = BDF49749298C3D7F006CF8B3 /* WiFi Robot Controller */;
			targetProxy = BDF49765298C3D81006CF8B3 /* PBXContainerItemProxy */;
		};
/* End PBXTargetDependency section */

/* Begin XCBuildConfiguration section */
		BDF4976C298C3D81006CF8B3 /* Debug */ = {
			isa = XCBuildConfiguration;
			buildSettings = {
				ALWAYS_SEARCH_USER_PATHS = NO;
				CLANG_ANALYZER_NONNULL = YES;
				CLANG_ANALYZER_NUMBER_OBJECT_CONVERSION = YES_AGGRESSIVE;
				CLANG_CXX_LANGUAGE_STANDARD = "gnu++20";
				CLANG_ENABLE_MODULES = YES;
				CLANG_ENABLE_OBJC_ARC = YES;
				CLANG_ENABLE_OBJC_WEAK = YES;
				CLANG_WARN_BLOCK_CAPTURE_AUTORELEASING = YES;
				CLANG_WARN_BOOL_CONVERSION = YES;
				CLANG_WARN_COMMA = YES;
				CLANG_WARN_CONSTANT_CONVERSION = YES;
				CLANG_WARN_DEPRECATED_OBJC_IMPLEMENTATIONS = YES;
				CLANG_WARN_DIRECT_OBJC_ISA_USAGE = YES_ERROR;
				CLANG_WARN_DOCUMENTATION_COMMENTS = YES;
				CLANG_WARN_EMPTY_BODY = YES;
				CLANG_WARN_ENUM_CONVERSION = YES;
				CLANG_WARN_INFINITE_RECURSION = YES;
				CLANG_WARN_INT_CONVERSION = YES;
				CLANG_WARN_NON_LITERAL_NULL_CONVERSION = YES;
				CLANG_WARN_OBJC_IMPLICIT_RETAIN_SELF = YES;
				CLANG_WARN_OBJC_LITERAL_CONVERSION = YES;
				CLANG_WARN_OBJC_ROOT_CLASS = YES_ERROR;
				CLANG_WARN_QUOTED_INCLUDE_IN_FRAMEWORK_HEADER = YES;
				CLANG_WARN_RANGE_LOOP_ANALYSIS = YES;
				CLANG_WARN_STRICT_PROTOTYPES = YES;
				CLANG_WARN_SUSPICIOUS_MOVE = YES;
				CLANG_WARN_UNGUARDED_AVAILABILITY = YES_AGGRESSIVE;
				CLANG_WARN_UNREACHABLE_CODE = YES;
				CLANG_WARN__DUPLICATE_METHOD_MATCH = YES;
				COPY_PHASE_STRIP = NO;
				DEBUG_INFORMATION_FORMAT = dwarf;
				ENABLE_STRICT_OBJC_MSGSEND = YES;
				ENABLE_TESTABILITY = YES;
				GCC_C_LANGUAGE_STANDARD = gnu11;
				GCC_DYNAMIC_NO_PIC = NO;
				GCC_NO_COMMON_BLOCKS = YES;
				GCC_OPTIMIZATION_LEVEL = 0;
				GCC_PREPROCESSOR_DEFINITIONS = (
					"DEBUG=1",
					"$(inherited)",
				);
				GCC_WARN_64_TO_32_BIT_CONVERSION = YES;
				GCC_WARN_ABOUT_RETURN_TYPE = YES_ERROR;
				GCC_WARN_UNDECLARED_SELECTOR = YES;
				GCC_WARN_UNINITIALIZED_AUTOS = YES_AGGRESSIVE;
				GCC_WARN_UNUSED_FUNCTION = YES;
				GCC_WARN_UNUSED_VARIABLE = YES;
				IPHONEOS_DEPLOYMENT_TARGET = 16.2;
				MTL_ENABLE_DEBUG_INFO = INCLUDE_SOURCE;
				MTL_FAST_MATH = YES;
				ONLY_ACTIVE_ARCH = YES;
				SDKROOT = iphoneos;
				SWIFT_ACTIVE_COMPILATION_CONDITIONS = DEBUG;
				SWIFT_OPTIMIZATION_LEVEL = "-Onone";
			};
			name = Debug;
		};
		BDF4976D298C3D81006CF8B3 /* Release */ = {
			isa = XCBuildConfiguration;
			buildSettings = {
				ALWAYS_SEARCH_USER_PATHS = NO;
				CLANG_ANALYZER_NONNULL = YES;
				CLANG_ANALYZER_NUMBER_OBJECT_CONVERSION = YES_AGGRESSIVE;
				CLANG_CXX_LANGUAGE_STANDARD = "gnu++20";
				CLANG_ENABLE_MODULES = YES;
				CLANG_ENABLE_OBJC_ARC = YES;
				CLANG_ENABLE_OBJC_WEAK = YES;
				CLANG_WARN_BLOCK_CAPTURE_AUTORELEASING = YES;
				CLANG_WARN_BOOL_CONVERSION = YES;
				CLANG_WARN_COMMA = YES;
				CLANG_WARN_CONSTANT_CONVERSION = YES;
				CLANG_WARN_DEPRECATED_OBJC_IMPLEMENTATIONS = YES;
				CLANG_WARN_DIRECT_OBJC_ISA_USAGE = YES_ERROR;
				CLANG_WARN_DOCUMENTATION_COMMENTS = YES;
				CLANG_WARN_EMPTY_BODY = YES;
				CLANG_WARN_ENUM_CONVERSION = YES;
				CLANG_WARN_INFINITE_RECURSION = YES;
				CLANG_WARN_INT_CONVERSION = YES;
				CLANG_WARN_NON_LITERAL_NULL_CONVERSION = YES;
				CLANG_WARN_OBJC_IMPLICIT_RETAIN_SELF = YES;
				CLANG_WARN_OBJC_LITERAL_CONVERSION = YES;
				CLANG_WARN_OBJC_ROOT_CLASS = YES_ERROR;
				CLANG_WARN_QUOTED_INCLUDE_IN_FRAMEWORK_HEADER = YES;
				CLANG_WARN_RANGE_LOOP_ANALYSIS = YES;
				CLANG_WARN_STRICT_PROTOTYPES = YES;
				CLANG_WARN_SUSPICIOUS_MOVE = YES;
				CLANG_WARN_UNGUARDED_AVAILABILITY = YES_AGGRESSIVE;
				CLANG_WARN_UNREACHABLE_CODE = YES;
				CLANG_WARN__DUPLICATE_METHOD_MATCH = YES;
				COPY_PHASE_STRIP = NO;
				DEBUG_INFORMATION_FORMAT = "dwarf-with-dsym";
				ENABLE_NS_ASSERTIONS = NO;
				ENABLE_STRICT_OBJC_MSGSEND = YES;
				GCC_C_LANGUAGE_STANDARD = gnu11;
				GCC_NO_COMMON_BLOCKS = YES;
				GCC_WARN_64_TO_32_BIT_CONVERSION = YES;
				GCC_WARN_ABOUT_RETURN_TYPE = YES_ERROR;
				GCC_WARN_UNDECLARED_SELECTOR = YES;
				GCC_WARN_UNINITIALIZED_AUTOS = YES_AGGRESSIVE;
				GCC_WARN_UNUSED_FUNCTION = YES;
				GCC_WARN_UNUSED_VARIABLE = YES;
				IPHONEOS_DEPLOYMENT_TARGET = 16.2;
				MTL_ENABLE_DEBUG_INFO = NO;
				MTL_FAST_MATH = YES;
				SDKROOT = iphoneos;
				SWIFT_COMPILATION_MODE = wholemodule;
				SWIFT_OPTIMIZATION_LEVEL = "-O";
				VALIDATE_PRODUCT = YES;
			};
			name = Release;
		};
		BDF4976F298C3D81006CF8B3 /* Debug */ = {
			isa = XCBuildConfiguration;
			buildSettings = {
				ASSETCATALOG_COMPILER_APPICON_NAME = AppIcon;
				ASSETCATALOG_COMPILER_GLOBAL_ACCENT_COLOR_NAME = AccentColor;
				CODE_SIGN_STYLE = Automatic;
				CURRENT_PROJECT_VERSION = 1;
				DEVELOPMENT_ASSET_PATHS = "\"WiFi Robot Controller/Preview Content\"";
				DEVELOPMENT_TEAM = E7939A7T4C;
				ENABLE_PREVIEWS = YES;
				GENERATE_INFOPLIST_FILE = YES;
				INFOPLIST_KEY_NSBluetoothAlwaysUsageDescription = "Allow for bluetooth use";
				INFOPLIST_KEY_NSBluetoothPeripheralUsageDescription = "Please allow this application to use Bluetooth";
				INFOPLIST_KEY_UIApplicationSceneManifest_Generation = YES;
				INFOPLIST_KEY_UIApplicationSupportsIndirectInputEvents = YES;
				INFOPLIST_KEY_UILaunchScreen_Generation = YES;
				INFOPLIST_KEY_UISupportedInterfaceOrientations_iPad = "UIInterfaceOrientationPortrait UIInterfaceOrientationPortraitUpsideDown UIInterfaceOrientationLandscapeLeft UIInterfaceOrientationLandscapeRight";
				INFOPLIST_KEY_UISupportedInterfaceOrientations_iPhone = "UIInterfaceOrientationPortrait UIInterfaceOrientationLandscapeLeft UIInterfaceOrientationLandscapeRight";
				LD_RUNPATH_SEARCH_PATHS = (
					"$(inherited)",
					"@executable_path/Frameworks",
				);
				MARKETING_VERSION = 1.0;
				PRODUCT_BUNDLE_IDENTIFIER = "MKRIST.WiFi-Robot-Controller";
				PRODUCT_NAME = "$(TARGET_NAME)";
				SWIFT_EMIT_LOC_STRINGS = YES;
				SWIFT_OBJC_BRIDGING_HEADER = "WiFi Robot Controller/Renderer/definitions.h";
				SWIFT_VERSION = 5.0;
				TARGETED_DEVICE_FAMILY = "1,2";
				TARGET_SERVER = 192.168.1.81;
			};
			name = Debug;
		};
		BDF49770298C3D81006CF8B3 /* Release */ = {
			isa = XCBuildConfiguration;
			buildSettings = {
				ASSETCATALOG_COMPILER_APPICON_NAME = AppIcon;
				ASSETCATALOG_COMPILER_GLOBAL_ACCENT_COLOR_NAME = AccentColor;
				CODE_SIGN_STYLE = Automatic;
				CURRENT_PROJECT_VERSION = 1;
				DEVELOPMENT_ASSET_PATHS = "\"WiFi Robot Controller/Preview Content\"";
				DEVELOPMENT_TEAM = E7939A7T4C;
				ENABLE_PREVIEWS = YES;
				GENERATE_INFOPLIST_FILE = YES;
				INFOPLIST_KEY_NSBluetoothAlwaysUsageDescription = "Allow for bluetooth use";
				INFOPLIST_KEY_NSBluetoothPeripheralUsageDescription = "Please allow this application to use Bluetooth";
				INFOPLIST_KEY_UIApplicationSceneManifest_Generation = YES;
				INFOPLIST_KEY_UIApplicationSupportsIndirectInputEvents = YES;
				INFOPLIST_KEY_UILaunchScreen_Generation = YES;
				INFOPLIST_KEY_UISupportedInterfaceOrientations_iPad = "UIInterfaceOrientationPortrait UIInterfaceOrientationPortraitUpsideDown UIInterfaceOrientationLandscapeLeft UIInterfaceOrientationLandscapeRight";
				INFOPLIST_KEY_UISupportedInterfaceOrientations_iPhone = "UIInterfaceOrientationPortrait UIInterfaceOrientationLandscapeLeft UIInterfaceOrientationLandscapeRight";
				LD_RUNPATH_SEARCH_PATHS = (
					"$(inherited)",
					"@executable_path/Frameworks",
				);
				MARKETING_VERSION = 1.0;
				PRODUCT_BUNDLE_IDENTIFIER = "MKRIST.WiFi-Robot-Controller";
				PRODUCT_NAME = "$(TARGET_NAME)";
				SWIFT_EMIT_LOC_STRINGS = YES;
				SWIFT_OBJC_BRIDGING_HEADER = "WiFi Robot Controller/Renderer/definitions.h";
				SWIFT_VERSION = 5.0;
				TARGETED_DEVICE_FAMILY = "1,2";
				TARGET_SERVER = 192.168.1.81;
			};
			name = Release;
		};
		BDF49772298C3D81006CF8B3 /* Debug */ = {
			isa = XCBuildConfiguration;
			buildSettings = {
				ALWAYS_EMBED_SWIFT_STANDARD_LIBRARIES = YES;
				BUNDLE_LOADER = "$(TEST_HOST)";
				CODE_SIGN_STYLE = Automatic;
				CURRENT_PROJECT_VERSION = 1;
				GENERATE_INFOPLIST_FILE = YES;
				IPHONEOS_DEPLOYMENT_TARGET = 16.2;
				MARKETING_VERSION = 1.0;
				PRODUCT_BUNDLE_IDENTIFIER = "MKRIST.WiFi-Robot-ControllerTests";
				PRODUCT_NAME = "$(TARGET_NAME)";
				SWIFT_EMIT_LOC_STRINGS = NO;
				SWIFT_VERSION = 5.0;
				TARGETED_DEVICE_FAMILY = "1,2";
				TEST_HOST = "$(BUILT_PRODUCTS_DIR)/WiFi Robot Controller.app/$(BUNDLE_EXECUTABLE_FOLDER_PATH)/WiFi Robot Controller";
			};
			name = Debug;
		};
		BDF49773298C3D81006CF8B3 /* Release */ = {
			isa = XCBuildConfiguration;
			buildSettings = {
				ALWAYS_EMBED_SWIFT_STANDARD_LIBRARIES = YES;
				BUNDLE_LOADER = "$(TEST_HOST)";
				CODE_SIGN_STYLE = Automatic;
				CURRENT_PROJECT_VERSION = 1;
				GENERATE_INFOPLIST_FILE = YES;
				IPHONEOS_DEPLOYMENT_TARGET = 16.2;
				MARKETING_VERSION = 1.0;
				PRODUCT_BUNDLE_IDENTIFIER = "MKRIST.WiFi-Robot-ControllerTests";
				PRODUCT_NAME = "$(TARGET_NAME)";
				SWIFT_EMIT_LOC_STRINGS = NO;
				SWIFT_VERSION = 5.0;
				TARGETED_DEVICE_FAMILY = "1,2";
				TEST_HOST = "$(BUILT_PRODUCTS_DIR)/WiFi Robot Controller.app/$(BUNDLE_EXECUTABLE_FOLDER_PATH)/WiFi Robot Controller";
			};
			name = Release;
		};
		BDF49775298C3D81006CF8B3 /* Debug */ = {
			isa = XCBuildConfiguration;
			buildSettings = {
				ALWAYS_EMBED_SWIFT_STANDARD_LIBRARIES = YES;
				CODE_SIGN_STYLE = Automatic;
				CURRENT_PROJECT_VERSION = 1;
				GENERATE_INFOPLIST_FILE = YES;
				MARKETING_VERSION = 1.0;
				PRODUCT_BUNDLE_IDENTIFIER = "MKRIST.WiFi-Robot-ControllerUITests";
				PRODUCT_NAME = "$(TARGET_NAME)";
				SWIFT_EMIT_LOC_STRINGS = NO;
				SWIFT_VERSION = 5.0;
				TARGETED_DEVICE_FAMILY = "1,2";
				TEST_TARGET_NAME = "WiFi Robot Controller";
			};
			name = Debug;
		};
		BDF49776298C3D81006CF8B3 /* Release */ = {
			isa = XCBuildConfiguration;
			buildSettings = {
				ALWAYS_EMBED_SWIFT_STANDARD_LIBRARIES = YES;
				CODE_SIGN_STYLE = Automatic;
				CURRENT_PROJECT_VERSION = 1;
				GENERATE_INFOPLIST_FILE = YES;
				MARKETING_VERSION = 1.0;
				PRODUCT_BUNDLE_IDENTIFIER = "MKRIST.WiFi-Robot-ControllerUITests";
				PRODUCT_NAME = "$(TARGET_NAME)";
				SWIFT_EMIT_LOC_STRINGS = NO;
				SWIFT_VERSION = 5.0;
				TARGETED_DEVICE_FAMILY = "1,2";
				TEST_TARGET_NAME = "WiFi Robot Controller";
			};
			name = Release;
		};
/* End XCBuildConfiguration section */

/* Begin XCConfigurationList section */
		BDF49745298C3D7F006CF8B3 /* Build configuration list for PBXProject "WiFi Robot Controller" */ = {
			isa = XCConfigurationList;
			buildConfigurations = (
				BDF4976C298C3D81006CF8B3 /* Debug */,
				BDF4976D298C3D81006CF8B3 /* Release */,
			);
			defaultConfigurationIsVisible = 0;
			defaultConfigurationName = Release;
		};
		BDF4976E298C3D81006CF8B3 /* Build configuration list for PBXNativeTarget "WiFi Robot Controller" */ = {
			isa = XCConfigurationList;
			buildConfigurations = (
				BDF4976F298C3D81006CF8B3 /* Debug */,
				BDF49770298C3D81006CF8B3 /* Release */,
			);
			defaultConfigurationIsVisible = 0;
			defaultConfigurationName = Release;
		};
		BDF49771298C3D81006CF8B3 /* Build configuration list for PBXNativeTarget "WiFi Robot ControllerTests" */ = {
			isa = XCConfigurationList;
			buildConfigurations = (
				BDF49772298C3D81006CF8B3 /* Debug */,
				BDF49773298C3D81006CF8B3 /* Release */,
			);
			defaultConfigurationIsVisible = 0;
			defaultConfigurationName = Release;
		};
		BDF49774298C3D81006CF8B3 /* Build configuration list for PBXNativeTarget "WiFi Robot ControllerUITests" */ = {
			isa = XCConfigurationList;
			buildConfigurations = (
				BDF49775298C3D81006CF8B3 /* Debug */,
				BDF49776298C3D81006CF8B3 /* Release */,
			);
			defaultConfigurationIsVisible = 0;
			defaultConfigurationName = Release;
		};
/* End XCConfigurationList section */
	};
	rootObject = BDF49742298C3D7F006CF8B3 /* Project object */;
}
